// !$*UTF8*$!
{
	archiveVersion = 1;
	classes = {
	};
	objectVersion = 56;
	objects = {

/* Begin PBXBuildFile section */
		D93D0FB229EEBEEA00BCAD84 /* NavigationBarView.swift in Sources */ = {isa = PBXBuildFile; fileRef = D93D0FB129EEBEEA00BCAD84 /* NavigationBarView.swift */; };
		D93D0FB429EEC06300BCAD84 /* LogoView.swift in Sources */ = {isa = PBXBuildFile; fileRef = D93D0FB329EEC06300BCAD84 /* LogoView.swift */; };
		D93D0FB629F7F98E00BCAD84 /* PlayerModel.swift in Sources */ = {isa = PBXBuildFile; fileRef = D93D0FB529F7F98E00BCAD84 /* PlayerModel.swift */; };
		D93D0FB829F7FCFB00BCAD84 /* CodableBundleExtension.swift in Sources */ = {isa = PBXBuildFile; fileRef = D93D0FB729F7FCFB00BCAD84 /* CodableBundleExtension.swift */; };
		D93D0FBA29F8021900BCAD84 /* FeaturedItemView.swift in Sources */ = {isa = PBXBuildFile; fileRef = D93D0FB929F8021900BCAD84 /* FeaturedItemView.swift */; };
		D93D0FBC29F8041600BCAD84 /* FeaturedTabView.swift in Sources */ = {isa = PBXBuildFile; fileRef = D93D0FBB29F8041600BCAD84 /* FeaturedTabView.swift */; };
		D93D0FBE29F9519F00BCAD84 /* CategoryModel.swift in Sources */ = {isa = PBXBuildFile; fileRef = D93D0FBD29F9519F00BCAD84 /* CategoryModel.swift */; };
		D93D0FC229F952A500BCAD84 /* CategoryItemView.swift in Sources */ = {isa = PBXBuildFile; fileRef = D93D0FC129F952A500BCAD84 /* CategoryItemView.swift */; };
		D9E8280E29DDAA6A005537ED /* TouchdownApp.swift in Sources */ = {isa = PBXBuildFile; fileRef = D9E8280D29DDAA6A005537ED /* TouchdownApp.swift */; };
		D9E8281029DDAA6A005537ED /* ContentView.swift in Sources */ = {isa = PBXBuildFile; fileRef = D9E8280F29DDAA6A005537ED /* ContentView.swift */; };
		D9E8281229DDAA6B005537ED /* Assets.xcassets in Resources */ = {isa = PBXBuildFile; fileRef = D9E8281129DDAA6B005537ED /* Assets.xcassets */; };
		D9E8281529DDAA6B005537ED /* Preview Assets.xcassets in Resources */ = {isa = PBXBuildFile; fileRef = D9E8281429DDAA6B005537ED /* Preview Assets.xcassets */; };
		D9E8281F29DDAB0F005537ED /* player.json in Resources */ = {isa = PBXBuildFile; fileRef = D9E8281B29DDAB0F005537ED /* player.json */; };
		D9E8282029DDAB0F005537ED /* brand.json in Resources */ = {isa = PBXBuildFile; fileRef = D9E8281C29DDAB0F005537ED /* brand.json */; };
		D9E8282129DDAB0F005537ED /* category.json in Resources */ = {isa = PBXBuildFile; fileRef = D9E8281D29DDAB0F005537ED /* category.json */; };
		D9E8282229DDAB0F005537ED /* product.json in Resources */ = {isa = PBXBuildFile; fileRef = D9E8281E29DDAB0F005537ED /* product.json */; };
		D9E8282E29DDAC49005537ED /* Constant.swift in Sources */ = {isa = PBXBuildFile; fileRef = D9E8282D29DDAC48005537ED /* Constant.swift */; };
		D9E8283029DDACCB005537ED /* FooterView.swift in Sources */ = {isa = PBXBuildFile; fileRef = D9E8282F29DDACCB005537ED /* FooterView.swift */; };
/* End PBXBuildFile section */

/* Begin PBXFileReference section */
		D93D0FB129EEBEEA00BCAD84 /* NavigationBarView.swift */ = {isa = PBXFileReference; lastKnownFileType = sourcecode.swift; path = NavigationBarView.swift; sourceTree = "<group>"; };
		D93D0FB329EEC06300BCAD84 /* LogoView.swift */ = {isa = PBXFileReference; lastKnownFileType = sourcecode.swift; path = LogoView.swift; sourceTree = "<group>"; };
		D93D0FB529F7F98E00BCAD84 /* PlayerModel.swift */ = {isa = PBXFileReference; lastKnownFileType = sourcecode.swift; path = PlayerModel.swift; sourceTree = "<group>"; };
		D93D0FB729F7FCFB00BCAD84 /* CodableBundleExtension.swift */ = {isa = PBXFileReference; lastKnownFileType = sourcecode.swift; path = CodableBundleExtension.swift; sourceTree = "<group>"; };
		D93D0FB929F8021900BCAD84 /* FeaturedItemView.swift */ = {isa = PBXFileReference; lastKnownFileType = sourcecode.swift; path = FeaturedItemView.swift; sourceTree = "<group>"; };
		D93D0FBB29F8041600BCAD84 /* FeaturedTabView.swift */ = {isa = PBXFileReference; lastKnownFileType = sourcecode.swift; path = FeaturedTabView.swift; sourceTree = "<group>"; };
		D93D0FBD29F9519F00BCAD84 /* CategoryModel.swift */ = {isa = PBXFileReference; lastKnownFileType = sourcecode.swift; path = CategoryModel.swift; sourceTree = "<group>"; };
		D93D0FC129F952A500BCAD84 /* CategoryItemView.swift */ = {isa = PBXFileReference; lastKnownFileType = sourcecode.swift; path = CategoryItemView.swift; sourceTree = "<group>"; };
		D9E8280A29DDAA6A005537ED /* Touchdown.app */ = {isa = PBXFileReference; explicitFileType = wrapper.application; includeInIndex = 0; path = Touchdown.app; sourceTree = BUILT_PRODUCTS_DIR; };
		D9E8280D29DDAA6A005537ED /* TouchdownApp.swift */ = {isa = PBXFileReference; lastKnownFileType = sourcecode.swift; path = TouchdownApp.swift; sourceTree = "<group>"; };
		D9E8280F29DDAA6A005537ED /* ContentView.swift */ = {isa = PBXFileReference; lastKnownFileType = sourcecode.swift; path = ContentView.swift; sourceTree = "<group>"; };
		D9E8281129DDAA6B005537ED /* Assets.xcassets */ = {isa = PBXFileReference; lastKnownFileType = folder.assetcatalog; path = Assets.xcassets; sourceTree = "<group>"; };
		D9E8281429DDAA6B005537ED /* Preview Assets.xcassets */ = {isa = PBXFileReference; lastKnownFileType = folder.assetcatalog; path = "Preview Assets.xcassets"; sourceTree = "<group>"; };
		D9E8281B29DDAB0F005537ED /* player.json */ = {isa = PBXFileReference; fileEncoding = 4; lastKnownFileType = text.json; path = player.json; sourceTree = "<group>"; };
		D9E8281C29DDAB0F005537ED /* brand.json */ = {isa = PBXFileReference; fileEncoding = 4; lastKnownFileType = text.json; path = brand.json; sourceTree = "<group>"; };
		D9E8281D29DDAB0F005537ED /* category.json */ = {isa = PBXFileReference; fileEncoding = 4; lastKnownFileType = text.json; path = category.json; sourceTree = "<group>"; };
		D9E8281E29DDAB0F005537ED /* product.json */ = {isa = PBXFileReference; fileEncoding = 4; lastKnownFileType = text.json; path = product.json; sourceTree = "<group>"; };
		D9E8282529DDAB5F005537ED /* Info.plist */ = {isa = PBXFileReference; lastKnownFileType = text.plist; path = Info.plist; sourceTree = "<group>"; };
		D9E8282D29DDAC48005537ED /* Constant.swift */ = {isa = PBXFileReference; lastKnownFileType = sourcecode.swift; path = Constant.swift; sourceTree = "<group>"; };
		D9E8282F29DDACCB005537ED /* FooterView.swift */ = {isa = PBXFileReference; lastKnownFileType = sourcecode.swift; path = FooterView.swift; sourceTree = "<group>"; };
/* End PBXFileReference section */

/* Begin PBXFrameworksBuildPhase section */
		D9E8280729DDAA6A005537ED /* Frameworks */ = {
			isa = PBXFrameworksBuildPhase;
			buildActionMask = 2147483647;
			files = (
			);
			runOnlyForDeploymentPostprocessing = 0;
		};
/* End PBXFrameworksBuildPhase section */

/* Begin PBXGroup section */
		D9E8280129DDAA6A005537ED = {
			isa = PBXGroup;
			children = (
				D9E8280C29DDAA6A005537ED /* Touchdown */,
				D9E8280B29DDAA6A005537ED /* Products */,
			);
			sourceTree = "<group>";
		};
		D9E8280B29DDAA6A005537ED /* Products */ = {
			isa = PBXGroup;
			children = (
				D9E8280A29DDAA6A005537ED /* Touchdown.app */,
			);
			name = Products;
			sourceTree = "<group>";
		};
		D9E8280C29DDAA6A005537ED /* Touchdown */ = {
			isa = PBXGroup;
			children = (
				D9E8282629DDABB0005537ED /* App */,
				D9E8282729DDABBE005537ED /* View */,
				D9E8282429DDAB32005537ED /* Data */,
				D9E8282A29DDABCB005537ED /* Modal */,
				D9E8282B29DDABD0005537ED /* Extension */,
				D9E8282C29DDAC13005537ED /* Utility */,
				D9E8282529DDAB5F005537ED /* Info.plist */,
				D9E8281129DDAA6B005537ED /* Assets.xcassets */,
				D9E8281329DDAA6B005537ED /* Preview Content */,
			);
			path = Touchdown;
			sourceTree = "<group>";
		};
		D9E8281329DDAA6B005537ED /* Preview Content */ = {
			isa = PBXGroup;
			children = (
				D9E8281429DDAA6B005537ED /* Preview Assets.xcassets */,
			);
			path = "Preview Content";
			sourceTree = "<group>";
		};
		D9E8282429DDAB32005537ED /* Data */ = {
			isa = PBXGroup;
			children = (
				D9E8281C29DDAB0F005537ED /* brand.json */,
				D9E8281D29DDAB0F005537ED /* category.json */,
				D9E8281B29DDAB0F005537ED /* player.json */,
				D9E8281E29DDAB0F005537ED /* product.json */,
			);
			path = Data;
			sourceTree = "<group>";
		};
		D9E8282629DDABB0005537ED /* App */ = {
			isa = PBXGroup;
			children = (
				D9E8280D29DDAA6A005537ED /* TouchdownApp.swift */,
				D9E8280F29DDAA6A005537ED /* ContentView.swift */,
			);
			path = App;
			sourceTree = "<group>";
		};
		D9E8282729DDABBE005537ED /* View */ = {
			isa = PBXGroup;
			children = (
				D9E8282829DDABC3005537ED /* Home */,
				D9E8282929DDABC7005537ED /* Detail */,
			);
			path = View;
			sourceTree = "<group>";
		};
		D9E8282829DDABC3005537ED /* Home */ = {
			isa = PBXGroup;
			children = (
				D9E8282F29DDACCB005537ED /* FooterView.swift */,
				D93D0FB129EEBEEA00BCAD84 /* NavigationBarView.swift */,
				D93D0FB329EEC06300BCAD84 /* LogoView.swift */,
				D93D0FB929F8021900BCAD84 /* FeaturedItemView.swift */,
				D93D0FBB29F8041600BCAD84 /* FeaturedTabView.swift */,
				D93D0FC129F952A500BCAD84 /* CategoryItemView.swift */,
			);
			path = Home;
			sourceTree = "<group>";
		};
		D9E8282929DDABC7005537ED /* Detail */ = {
			isa = PBXGroup;
			children = (
			);
			path = Detail;
			sourceTree = "<group>";
		};
		D9E8282A29DDABCB005537ED /* Modal */ = {
			isa = PBXGroup;
			children = (
				D93D0FB529F7F98E00BCAD84 /* PlayerModel.swift */,
				D93D0FBD29F9519F00BCAD84 /* CategoryModel.swift */,
			);
			path = Modal;
			sourceTree = "<group>";
		};
		D9E8282B29DDABD0005537ED /* Extension */ = {
			isa = PBXGroup;
			children = (
				D93D0FB729F7FCFB00BCAD84 /* CodableBundleExtension.swift */,
			);
			path = Extension;
			sourceTree = "<group>";
		};
		D9E8282C29DDAC13005537ED /* Utility */ = {
			isa = PBXGroup;
			children = (
				D9E8282D29DDAC48005537ED /* Constant.swift */,
			);
			path = Utility;
			sourceTree = "<group>";
		};
/* End PBXGroup section */

/* Begin PBXNativeTarget section */
		D9E8280929DDAA6A005537ED /* Touchdown */ = {
			isa = PBXNativeTarget;
			buildConfigurationList = D9E8281829DDAA6B005537ED /* Build configuration list for PBXNativeTarget "Touchdown" */;
			buildPhases = (
				D9E8280629DDAA6A005537ED /* Sources */,
				D9E8280729DDAA6A005537ED /* Frameworks */,
				D9E8280829DDAA6A005537ED /* Resources */,
			);
			buildRules = (
			);
			dependencies = (
			);
			name = Touchdown;
			productName = Touchdown;
			productReference = D9E8280A29DDAA6A005537ED /* Touchdown.app */;
			productType = "com.apple.product-type.application";
		};
/* End PBXNativeTarget section */

/* Begin PBXProject section */
		D9E8280229DDAA6A005537ED /* Project object */ = {
			isa = PBXProject;
			attributes = {
				BuildIndependentTargetsInParallel = 1;
				LastSwiftUpdateCheck = 1430;
				LastUpgradeCheck = 1430;
				TargetAttributes = {
					D9E8280929DDAA6A005537ED = {
						CreatedOnToolsVersion = 14.3;
					};
				};
			};
			buildConfigurationList = D9E8280529DDAA6A005537ED /* Build configuration list for PBXProject "Touchdown" */;
			compatibilityVersion = "Xcode 14.0";
			developmentRegion = en;
			hasScannedForEncodings = 0;
			knownRegions = (
				en,
				Base,
			);
			mainGroup = D9E8280129DDAA6A005537ED;
			productRefGroup = D9E8280B29DDAA6A005537ED /* Products */;
			projectDirPath = "";
			projectRoot = "";
			targets = (
				D9E8280929DDAA6A005537ED /* Touchdown */,
			);
		};
/* End PBXProject section */

/* Begin PBXResourcesBuildPhase section */
		D9E8280829DDAA6A005537ED /* Resources */ = {
			isa = PBXResourcesBuildPhase;
			buildActionMask = 2147483647;
			files = (
				D9E8281F29DDAB0F005537ED /* player.json in Resources */,
				D9E8282029DDAB0F005537ED /* brand.json in Resources */,
				D9E8282129DDAB0F005537ED /* category.json in Resources */,
				D9E8281529DDAA6B005537ED /* Preview Assets.xcassets in Resources */,
				D9E8281229DDAA6B005537ED /* Assets.xcassets in Resources */,
				D9E8282229DDAB0F005537ED /* product.json in Resources */,
			);
			runOnlyForDeploymentPostprocessing = 0;
		};
/* End PBXResourcesBuildPhase section */

/* Begin PBXSourcesBuildPhase section */
		D9E8280629DDAA6A005537ED /* Sources */ = {
			isa = PBXSourcesBuildPhase;
			buildActionMask = 2147483647;
			files = (
				D93D0FB829F7FCFB00BCAD84 /* CodableBundleExtension.swift in Sources */,
				D9E8281029DDAA6A005537ED /* ContentView.swift in Sources */,
				D93D0FB429EEC06300BCAD84 /* LogoView.swift in Sources */,
				D9E8283029DDACCB005537ED /* FooterView.swift in Sources */,
				D93D0FBA29F8021900BCAD84 /* FeaturedItemView.swift in Sources */,
				D9E8280E29DDAA6A005537ED /* TouchdownApp.swift in Sources */,
				D9E8282E29DDAC49005537ED /* Constant.swift in Sources */,
				D93D0FBE29F9519F00BCAD84 /* CategoryModel.swift in Sources */,
				D93D0FB229EEBEEA00BCAD84 /* NavigationBarView.swift in Sources */,
				D93D0FC229F952A500BCAD84 /* CategoryItemView.swift in Sources */,
				D93D0FBC29F8041600BCAD84 /* FeaturedTabView.swift in Sources */,
				D93D0FB629F7F98E00BCAD84 /* PlayerModel.swift in Sources */,
			);
			runOnlyForDeploymentPostprocessing = 0;
		};
/* End PBXSourcesBuildPhase section */

/* Begin XCBuildConfiguration section */
		D9E8281629DDAA6B005537ED /* Debug */ = {
			isa = XCBuildConfiguration;
			buildSettings = {
				ALWAYS_SEARCH_USER_PATHS = NO;
				CLANG_ANALYZER_NONNULL = YES;
				CLANG_ANALYZER_NUMBER_OBJECT_CONVERSION = YES_AGGRESSIVE;
				CLANG_CXX_LANGUAGE_STANDARD = "gnu++20";
				CLANG_ENABLE_MODULES = YES;
				CLANG_ENABLE_OBJC_ARC = YES;
				CLANG_ENABLE_OBJC_WEAK = YES;
				CLANG_WARN_BLOCK_CAPTURE_AUTORELEASING = YES;
				CLANG_WARN_BOOL_CONVERSION = YES;
				CLANG_WARN_COMMA = YES;
				CLANG_WARN_CONSTANT_CONVERSION = YES;
				CLANG_WARN_DEPRECATED_OBJC_IMPLEMENTATIONS = YES;
				CLANG_WARN_DIRECT_OBJC_ISA_USAGE = YES_ERROR;
				CLANG_WARN_DOCUMENTATION_COMMENTS = YES;
				CLANG_WARN_EMPTY_BODY = YES;
				CLANG_WARN_ENUM_CONVERSION = YES;
				CLANG_WARN_INFINITE_RECURSION = YES;
				CLANG_WARN_INT_CONVERSION = YES;
				CLANG_WARN_NON_LITERAL_NULL_CONVERSION = YES;
				CLANG_WARN_OBJC_IMPLICIT_RETAIN_SELF = YES;
				CLANG_WARN_OBJC_LITERAL_CONVERSION = YES;
				CLANG_WARN_OBJC_ROOT_CLASS = YES_ERROR;
				CLANG_WARN_QUOTED_INCLUDE_IN_FRAMEWORK_HEADER = YES;
				CLANG_WARN_RANGE_LOOP_ANALYSIS = YES;
				CLANG_WARN_STRICT_PROTOTYPES = YES;
				CLANG_WARN_SUSPICIOUS_MOVE = YES;
				CLANG_WARN_UNGUARDED_AVAILABILITY = YES_AGGRESSIVE;
				CLANG_WARN_UNREACHABLE_CODE = YES;
				CLANG_WARN__DUPLICATE_METHOD_MATCH = YES;
				COPY_PHASE_STRIP = NO;
				DEBUG_INFORMATION_FORMAT = dwarf;
				ENABLE_STRICT_OBJC_MSGSEND = YES;
				ENABLE_TESTABILITY = YES;
				GCC_C_LANGUAGE_STANDARD = gnu11;
				GCC_DYNAMIC_NO_PIC = NO;
				GCC_NO_COMMON_BLOCKS = YES;
				GCC_OPTIMIZATION_LEVEL = 0;
				GCC_PREPROCESSOR_DEFINITIONS = (
					"DEBUG=1",
					"$(inherited)",
				);
				GCC_WARN_64_TO_32_BIT_CONVERSION = YES;
				GCC_WARN_ABOUT_RETURN_TYPE = YES_ERROR;
				GCC_WARN_UNDECLARED_SELECTOR = YES;
				GCC_WARN_UNINITIALIZED_AUTOS = YES_AGGRESSIVE;
				GCC_WARN_UNUSED_FUNCTION = YES;
				GCC_WARN_UNUSED_VARIABLE = YES;
				IPHONEOS_DEPLOYMENT_TARGET = 16.4;
				MTL_ENABLE_DEBUG_INFO = INCLUDE_SOURCE;
				MTL_FAST_MATH = YES;
				ONLY_ACTIVE_ARCH = YES;
				SDKROOT = iphoneos;
				SWIFT_ACTIVE_COMPILATION_CONDITIONS = DEBUG;
				SWIFT_OPTIMIZATION_LEVEL = "-Onone";
			};
			name = Debug;
		};
		D9E8281729DDAA6B005537ED /* Release */ = {
			isa = XCBuildConfiguration;
			buildSettings = {
				ALWAYS_SEARCH_USER_PATHS = NO;
				CLANG_ANALYZER_NONNULL = YES;
				CLANG_ANALYZER_NUMBER_OBJECT_CONVERSION = YES_AGGRESSIVE;
				CLANG_CXX_LANGUAGE_STANDARD = "gnu++20";
				CLANG_ENABLE_MODULES = YES;
				CLANG_ENABLE_OBJC_ARC = YES;
				CLANG_ENABLE_OBJC_WEAK = YES;
				CLANG_WARN_BLOCK_CAPTURE_AUTORELEASING = YES;
				CLANG_WARN_BOOL_CONVERSION = YES;
				CLANG_WARN_COMMA = YES;
				CLANG_WARN_CONSTANT_CONVERSION = YES;
				CLANG_WARN_DEPRECATED_OBJC_IMPLEMENTATIONS = YES;
				CLANG_WARN_DIRECT_OBJC_ISA_USAGE = YES_ERROR;
				CLANG_WARN_DOCUMENTATION_COMMENTS = YES;
				CLANG_WARN_EMPTY_BODY = YES;
				CLANG_WARN_ENUM_CONVERSION = YES;
				CLANG_WARN_INFINITE_RECURSION = YES;
				CLANG_WARN_INT_CONVERSION = YES;
				CLANG_WARN_NON_LITERAL_NULL_CONVERSION = YES;
				CLANG_WARN_OBJC_IMPLICIT_RETAIN_SELF = YES;
				CLANG_WARN_OBJC_LITERAL_CONVERSION = YES;
				CLANG_WARN_OBJC_ROOT_CLASS = YES_ERROR;
				CLANG_WARN_QUOTED_INCLUDE_IN_FRAMEWORK_HEADER = YES;
				CLANG_WARN_RANGE_LOOP_ANALYSIS = YES;
				CLANG_WARN_STRICT_PROTOTYPES = YES;
				CLANG_WARN_SUSPICIOUS_MOVE = YES;
				CLANG_WARN_UNGUARDED_AVAILABILITY = YES_AGGRESSIVE;
				CLANG_WARN_UNREACHABLE_CODE = YES;
				CLANG_WARN__DUPLICATE_METHOD_MATCH = YES;
				COPY_PHASE_STRIP = NO;
				DEBUG_INFORMATION_FORMAT = "dwarf-with-dsym";
				ENABLE_NS_ASSERTIONS = NO;
				ENABLE_STRICT_OBJC_MSGSEND = YES;
				GCC_C_LANGUAGE_STANDARD = gnu11;
				GCC_NO_COMMON_BLOCKS = YES;
				GCC_WARN_64_TO_32_BIT_CONVERSION = YES;
				GCC_WARN_ABOUT_RETURN_TYPE = YES_ERROR;
				GCC_WARN_UNDECLARED_SELECTOR = YES;
				GCC_WARN_UNINITIALIZED_AUTOS = YES_AGGRESSIVE;
				GCC_WARN_UNUSED_FUNCTION = YES;
				GCC_WARN_UNUSED_VARIABLE = YES;
				IPHONEOS_DEPLOYMENT_TARGET = 16.4;
				MTL_ENABLE_DEBUG_INFO = NO;
				MTL_FAST_MATH = YES;
				SDKROOT = iphoneos;
				SWIFT_COMPILATION_MODE = wholemodule;
				SWIFT_OPTIMIZATION_LEVEL = "-O";
				VALIDATE_PRODUCT = YES;
			};
			name = Release;
		};
		D9E8281929DDAA6B005537ED /* Debug */ = {
			isa = XCBuildConfiguration;
			buildSettings = {
				ASSETCATALOG_COMPILER_APPICON_NAME = AppIcon;
				ASSETCATALOG_COMPILER_GLOBAL_ACCENT_COLOR_NAME = AccentColor;
				CODE_SIGN_STYLE = Automatic;
				CURRENT_PROJECT_VERSION = 1;
				DEVELOPMENT_ASSET_PATHS = "\"Touchdown/Preview Content\"";
				DEVELOPMENT_TEAM = YMWX5SW9T6;
				ENABLE_PREVIEWS = YES;
				GENERATE_INFOPLIST_FILE = YES;
				INFOPLIST_FILE = Touchdown/Info.plist;
				INFOPLIST_KEY_UIApplicationSceneManifest_Generation = YES;
				INFOPLIST_KEY_UIApplicationSupportsIndirectInputEvents = YES;
				INFOPLIST_KEY_UISupportedInterfaceOrientations = UIInterfaceOrientationPortrait;
				INFOPLIST_KEY_UISupportedInterfaceOrientations_iPad = "UIInterfaceOrientationLandscapeLeft UIInterfaceOrientationLandscapeRight UIInterfaceOrientationPortrait UIInterfaceOrientationPortraitUpsideDown";
				INFOPLIST_KEY_UIUserInterfaceStyle = Light;
				LD_RUNPATH_SEARCH_PATHS = (
					"$(inherited)",
					"@executable_path/Frameworks",
				);
				MARKETING_VERSION = 1.0;
				PRODUCT_BUNDLE_IDENTIFIER = dev.austinburke.Touchdown;
				PRODUCT_NAME = "$(TARGET_NAME)";
				SWIFT_EMIT_LOC_STRINGS = YES;
				SWIFT_VERSION = 5.0;
				TARGETED_DEVICE_FAMILY = "1,2";
			};
			name = Debug;
		};
		D9E8281A29DDAA6B005537ED /* Release */ = {
			isa = XCBuildConfiguration;
			buildSettings = {
				ASSETCATALOG_COMPILER_APPICON_NAME = AppIcon;
				ASSETCATALOG_COMPILER_GLOBAL_ACCENT_COLOR_NAME = AccentColor;
				CODE_SIGN_STYLE = Automatic;
				CURRENT_PROJECT_VERSION = 1;
				DEVELOPMENT_ASSET_PATHS = "\"Touchdown/Preview Content\"";
				DEVELOPMENT_TEAM = YMWX5SW9T6;
				ENABLE_PREVIEWS = YES;
				GENERATE_INFOPLIST_FILE = YES;
				INFOPLIST_FILE = Touchdown/Info.plist;
				INFOPLIST_KEY_UIApplicationSceneManifest_Generation = YES;
				INFOPLIST_KEY_UIApplicationSupportsIndirectInputEvents = YES;
				INFOPLIST_KEY_UISupportedInterfaceOrientations = UIInterfaceOrientationPortrait;
				INFOPLIST_KEY_UISupportedInterfaceOrientations_iPad = "UIInterfaceOrientationLandscapeLeft UIInterfaceOrientationLandscapeRight UIInterfaceOrientationPortrait UIInterfaceOrientationPortraitUpsideDown";
				INFOPLIST_KEY_UIUserInterfaceStyle = Light;
				LD_RUNPATH_SEARCH_PATHS = (
					"$(inherited)",
					"@executable_path/Frameworks",
				);
				MARKETING_VERSION = 1.0;
				PRODUCT_BUNDLE_IDENTIFIER = dev.austinburke.Touchdown;
				PRODUCT_NAME = "$(TARGET_NAME)";
				SWIFT_EMIT_LOC_STRINGS = YES;
				SWIFT_VERSION = 5.0;
				TARGETED_DEVICE_FAMILY = "1,2";
			};
			name = Release;
		};
/* End XCBuildConfiguration section */

/* Begin XCConfigurationList section */
		D9E8280529DDAA6A005537ED /* Build configuration list for PBXProject "Touchdown" */ = {
			isa = XCConfigurationList;
			buildConfigurations = (
				D9E8281629DDAA6B005537ED /* Debug */,
				D9E8281729DDAA6B005537ED /* Release */,
			);
			defaultConfigurationIsVisible = 0;
			defaultConfigurationName = Release;
		};
		D9E8281829DDAA6B005537ED /* Build configuration list for PBXNativeTarget "Touchdown" */ = {
			isa = XCConfigurationList;
			buildConfigurations = (
				D9E8281929DDAA6B005537ED /* Debug */,
				D9E8281A29DDAA6B005537ED /* Release */,
			);
			defaultConfigurationIsVisible = 0;
			defaultConfigurationName = Release;
		};
/* End XCConfigurationList section */
	};
	rootObject = D9E8280229DDAA6A005537ED /* Project object */;
}
